
Microsoft Visual Studio Solution File, Format Version 12.00
# Visual Studio Version 17
VisualStudioVersion = 17.6.33829.357
MinimumVisualStudioVersion = 10.0.40219.1
Project("{9A19103F-16F7-4668-BE54-9A1E7A4F7556}") = "WebServer", "WebServer\WebServer.csproj", "{94874853-194B-4503-A7D8-24B942F772F0}"
EndProject
Project("{9A19103F-16F7-4668-BE54-9A1E7A4F7556}") = "DataMidPoint", "DataMidPoint\DataMidPoint.csproj", "{FCCA6578-8781-4905-9899-4773918D5A04}"
EndProject
Project("{FAE04EC0-301F-11D3-BF4B-00C04F79EFBC}") = "ClientWPF", "ClientWPF\ClientWPF.csproj", "{9615132E-F8DC-4D18-8F0B-F046B8F9CEF0}"
EndProject
Global
	GlobalSection(SolutionConfigurationPlatforms) = preSolution
		Debug|Any CPU = Debug|Any CPU
		Release|Any CPU = Release|Any CPU
	EndGlobalSection
	GlobalSection(ProjectConfigurationPlatforms) = postSolution
		{94874853-194B-4503-A7D8-24B942F772F0}.Debug|Any CPU.ActiveCfg = Debug|Any CPU
		{94874853-194B-4503-A7D8-24B942F772F0}.Debug|Any CPU.Build.0 = Debug|Any CPU
		{94874853-194B-4503-A7D8-24B942F772F0}.Release|Any CPU.ActiveCfg = Release|Any CPU
		{94874853-194B-4503-A7D8-24B942F772F0}.Release|Any CPU.Build.0 = Release|Any CPU
		{FCCA6578-8781-4905-9899-4773918D5A04}.Debug|Any CPU.ActiveCfg = Debug|Any CPU
		{FCCA6578-8781-4905-9899-4773918D5A04}.Debug|Any CPU.Build.0 = Debug|Any CPU
		{FCCA6578-8781-4905-9899-4773918D5A04}.Release|Any CPU.ActiveCfg = Release|Any CPU
		{FCCA6578-8781-4905-9899-4773918D5A04}.Release|Any CPU.Build.0 = Release|Any CPU
		{9615132E-F8DC-4D18-8F0B-F046B8F9CEF0}.Debug|Any CPU.ActiveCfg = Debug|Any CPU
		{9615132E-F8DC-4D18-8F0B-F046B8F9CEF0}.Debug|Any CPU.Build.0 = Debug|Any CPU
		{9615132E-F8DC-4D18-8F0B-F046B8F9CEF0}.Release|Any CPU.ActiveCfg = Release|Any CPU
		{9615132E-F8DC-4D18-8F0B-F046B8F9CEF0}.Release|Any CPU.Build.0 = Release|Any CPU
	EndGlobalSection
	GlobalSection(SolutionProperties) = preSolution
		HideSolutionNode = FALSE
	EndGlobalSection
	GlobalSection(ExtensibilityGlobals) = postSolution
		SolutionGuid = {6ECBA517-B1DD-4978-8329-E21727DD78FB}
	EndGlobalSection
EndGlobal
